
Microsoft Visual Studio Solution File, Format Version 12.00
# Visual Studio Version 17
VisualStudioVersion = 17.3.32929.385
MinimumVisualStudioVersion = 10.0.40219.1
Project("{9A19103F-16F7-4668-BE54-9A1E7A4F7556}") = "OculusDB", "OculusDB.csproj", "{A5DA64EB-C6FE-4335-A2C7-2E4576C90E95}"
EndProject
Project("{9A19103F-16F7-4668-BE54-9A1E7A4F7556}") = "ComputerUtils", "..\..\ComputerUtils\ComputerUtils\ComputerUtils.csproj", "{9C6451BE-5FF3-42FC-A697-287070125E37}"
EndProject
Project("{9A19103F-16F7-4668-BE54-9A1E7A4F7556}") = "OculusGraphQLApiLib", "..\..\OculusGraphQLApiLib\OculusGraphQLApiLib\OculusGraphQLApiLib.csproj", "{CCDB1CAE-8740-46BA-83B4-FBF1D77C0977}"
EndProject
Global
	GlobalSection(SolutionConfigurationPlatforms) = preSolution
		Debug|Any CPU = Debug|Any CPU
		Release|Any CPU = Release|Any CPU
	EndGlobalSection
	GlobalSection(ProjectConfigurationPlatforms) = postSolution
		{A5DA64EB-C6FE-4335-A2C7-2E4576C90E95}.Debug|Any CPU.ActiveCfg = Debug|Any CPU
		{A5DA64EB-C6FE-4335-A2C7-2E4576C90E95}.Debug|Any CPU.Build.0 = Debug|Any CPU
		{A5DA64EB-C6FE-4335-A2C7-2E4576C90E95}.Release|Any CPU.ActiveCfg = Release|Any CPU
		{A5DA64EB-C6FE-4335-A2C7-2E4576C90E95}.Release|Any CPU.Build.0 = Release|Any CPU
		{9C6451BE-5FF3-42FC-A697-287070125E37}.Debug|Any CPU.ActiveCfg = Debug|Any CPU
		{9C6451BE-5FF3-42FC-A697-287070125E37}.Debug|Any CPU.Build.0 = Debug|Any CPU
		{9C6451BE-5FF3-42FC-A697-287070125E37}.Release|Any CPU.ActiveCfg = Release|Any CPU
		{9C6451BE-5FF3-42FC-A697-287070125E37}.Release|Any CPU.Build.0 = Release|Any CPU
		{CCDB1CAE-8740-46BA-83B4-FBF1D77C0977}.Debug|Any CPU.ActiveCfg = Debug|Any CPU
		{CCDB1CAE-8740-46BA-83B4-FBF1D77C0977}.Debug|Any CPU.Build.0 = Debug|Any CPU
		{CCDB1CAE-8740-46BA-83B4-FBF1D77C0977}.Release|Any CPU.ActiveCfg = Release|Any CPU
		{CCDB1CAE-8740-46BA-83B4-FBF1D77C0977}.Release|Any CPU.Build.0 = Release|Any CPU
	EndGlobalSection
	GlobalSection(SolutionProperties) = preSolution
		HideSolutionNode = FALSE
	EndGlobalSection
	GlobalSection(ExtensibilityGlobals) = postSolution
		SolutionGuid = {893FCEAD-94E5-4003-AB4E-69FCE62CCBC5}
	EndGlobalSection
EndGlobal
