
Microsoft Visual Studio Solution File, Format Version 12.00
# Visual Studio Version 17
VisualStudioVersion = 17.0.31912.275
MinimumVisualStudioVersion = 10.0.40219.1
Project("{FAE04EC0-301F-11D3-BF4B-00C04F79EFBC}") = "ComputerUtils.Android", "ComputerUtils.Android\ComputerUtils.Android.csproj", "{D4B84F1A-A999-482F-8253-D6761AA93E24}"
EndProject
Project("{9A19103F-16F7-4668-BE54-9A1E7A4F7556}") = "ComputerUtils", "ComputerUtils\ComputerUtils.csproj", "{322F4F7F-412E-406E-987B-2BCB3898742F}"
EndProject
Project("{FAE04EC0-301F-11D3-BF4B-00C04F79EFBC}") = "ComputerUtils.Android_try2", "ComputerUtils.Android_try2\ComputerUtils.Android_try2.csproj", "{4E741745-51E5-45E5-B429-95B7B5F64675}"
EndProject
Global
	GlobalSection(SolutionConfigurationPlatforms) = preSolution
		Debug|Any CPU = Debug|Any CPU
		Release|Any CPU = Release|Any CPU
	EndGlobalSection
	GlobalSection(ProjectConfigurationPlatforms) = postSolution
		{D4B84F1A-A999-482F-8253-D6761AA93E24}.Debug|Any CPU.ActiveCfg = Debug|Any CPU
		{D4B84F1A-A999-482F-8253-D6761AA93E24}.Debug|Any CPU.Build.0 = Debug|Any CPU
		{D4B84F1A-A999-482F-8253-D6761AA93E24}.Release|Any CPU.ActiveCfg = Release|Any CPU
		{D4B84F1A-A999-482F-8253-D6761AA93E24}.Release|Any CPU.Build.0 = Release|Any CPU
		{322F4F7F-412E-406E-987B-2BCB3898742F}.Debug|Any CPU.ActiveCfg = Debug|Any CPU
		{322F4F7F-412E-406E-987B-2BCB3898742F}.Debug|Any CPU.Build.0 = Debug|Any CPU
		{322F4F7F-412E-406E-987B-2BCB3898742F}.Release|Any CPU.ActiveCfg = Release|Any CPU
		{322F4F7F-412E-406E-987B-2BCB3898742F}.Release|Any CPU.Build.0 = Release|Any CPU
		{4E741745-51E5-45E5-B429-95B7B5F64675}.Debug|Any CPU.ActiveCfg = Debug|Any CPU
		{4E741745-51E5-45E5-B429-95B7B5F64675}.Debug|Any CPU.Build.0 = Debug|Any CPU
		{4E741745-51E5-45E5-B429-95B7B5F64675}.Release|Any CPU.ActiveCfg = Release|Any CPU
		{4E741745-51E5-45E5-B429-95B7B5F64675}.Release|Any CPU.Build.0 = Release|Any CPU
	EndGlobalSection
	GlobalSection(SolutionProperties) = preSolution
		HideSolutionNode = FALSE
	EndGlobalSection
	GlobalSection(ExtensibilityGlobals) = postSolution
		SolutionGuid = {C683AC3C-93C4-4F06-ADA1-62373888E860}
	EndGlobalSection
EndGlobal
